
Microsoft Visual Studio Solution File, Format Version 12.00
# Visual Studio Version 17
VisualStudioVersion = 17.6.33815.320
MinimumVisualStudioVersion = 10.0.40219.1
Project("{FAE04EC0-301F-11D3-BF4B-00C04F79EFBC}") = "ClinicPharmative", "ClinicPharmative\ClinicPharmative.csproj", "{4A94407B-5AA1-4A8B-B45A-186DB004978C}"
EndProject
Global
	GlobalSection(SolutionConfigurationPlatforms) = preSolution
		Debug|Any CPU = Debug|Any CPU
		Release|Any CPU = Release|Any CPU
	EndGlobalSection
	GlobalSection(ProjectConfigurationPlatforms) = postSolution
		{4A94407B-5AA1-4A8B-B45A-186DB004978C}.Debug|Any CPU.ActiveCfg = Debug|Any CPU
		{4A94407B-5AA1-4A8B-B45A-186DB004978C}.Debug|Any CPU.Build.0 = Debug|Any CPU
		{4A94407B-5AA1-4A8B-B45A-186DB004978C}.Release|Any CPU.ActiveCfg = Release|Any CPU
		{4A94407B-5AA1-4A8B-B45A-186DB004978C}.Release|Any CPU.Build.0 = Release|Any CPU
	EndGlobalSection
	GlobalSection(SolutionProperties) = preSolution
		HideSolutionNode = FALSE
	EndGlobalSection
	GlobalSection(ExtensibilityGlobals) = postSolution
		SolutionGuid = {D1CF2018-6575-4F7A-9822-EE6C262D20C6}
	EndGlobalSection
EndGlobal
